
Microsoft Visual Studio Solution File, Format Version 12.00
# Visual Studio Version 17
VisualStudioVersion = 17.2.32630.192
MinimumVisualStudioVersion = 10.0.40219.1
Project("{9A19103F-16F7-4668-BE54-9A1E7A4F7556}") = "event_handler", "..\EventHandler\event_handler.csproj", "{33A67C91-0E7E-41E6-91CC-148046489A1C}"
EndProject
Project("{FAE04EC0-301F-11D3-BF4B-00C04F79EFBC}") = "always_running", "always_running\always_running.csproj", "{A8B27F42-C5CD-4C4E-A14B-0CDAC538C7B4}"
EndProject
Global
	GlobalSection(SolutionConfigurationPlatforms) = preSolution
		Debug|Any CPU = Debug|Any CPU
		Release|Any CPU = Release|Any CPU
	EndGlobalSection
	GlobalSection(ProjectConfigurationPlatforms) = postSolution
		{33A67C91-0E7E-41E6-91CC-148046489A1C}.Debug|Any CPU.ActiveCfg = Debug|Any CPU
		{33A67C91-0E7E-41E6-91CC-148046489A1C}.Debug|Any CPU.Build.0 = Debug|Any CPU
		{33A67C91-0E7E-41E6-91CC-148046489A1C}.Release|Any CPU.ActiveCfg = Release|Any CPU
		{33A67C91-0E7E-41E6-91CC-148046489A1C}.Release|Any CPU.Build.0 = Release|Any CPU
		{A8B27F42-C5CD-4C4E-A14B-0CDAC538C7B4}.Debug|Any CPU.ActiveCfg = Debug|Any CPU
		{A8B27F42-C5CD-4C4E-A14B-0CDAC538C7B4}.Debug|Any CPU.Build.0 = Debug|Any CPU
		{A8B27F42-C5CD-4C4E-A14B-0CDAC538C7B4}.Release|Any CPU.ActiveCfg = Release|Any CPU
		{A8B27F42-C5CD-4C4E-A14B-0CDAC538C7B4}.Release|Any CPU.Build.0 = Release|Any CPU
	EndGlobalSection
	GlobalSection(SolutionProperties) = preSolution
		HideSolutionNode = FALSE
	EndGlobalSection
	GlobalSection(ExtensibilityGlobals) = postSolution
		SolutionGuid = {D78A30C3-ED9B-47AF-B387-F21E34BA2427}
	EndGlobalSection
EndGlobal
